
Microsoft Visual Studio Solution File, Format Version 12.00
# Visual Studio Version 17
VisualStudioVersion = 17.11.35208.52
MinimumVisualStudioVersion = 10.0.40219.1
Project("{FAE04EC0-301F-11D3-BF4B-00C04F79EFBC}") = "Lumino.API", "Lumino.API\Lumino.API.csproj", "{D219393C-74B5-43D5-9FF5-D6C059E2A9D0}"
EndProject
Project("{FAE04EC0-301F-11D3-BF4B-00C04F79EFBC}") = "Lumino.Tests", "Lumino.Tests\Lumino.Tests.csproj", "{BFF69641-3A94-4DA7-80B2-77A931320F65}"
EndProject
Global
	GlobalSection(SolutionConfigurationPlatforms) = preSolution
		Debug|Any CPU = Debug|Any CPU
		Release|Any CPU = Release|Any CPU
	EndGlobalSection
	GlobalSection(ProjectConfigurationPlatforms) = postSolution
		{D219393C-74B5-43D5-9FF5-D6C059E2A9D0}.Debug|Any CPU.ActiveCfg = Debug|Any CPU
		{D219393C-74B5-43D5-9FF5-D6C059E2A9D0}.Debug|Any CPU.Build.0 = Debug|Any CPU
		{D219393C-74B5-43D5-9FF5-D6C059E2A9D0}.Release|Any CPU.ActiveCfg = Release|Any CPU
		{D219393C-74B5-43D5-9FF5-D6C059E2A9D0}.Release|Any CPU.Build.0 = Release|Any CPU
		{BFF69641-3A94-4DA7-80B2-77A931320F65}.Debug|Any CPU.ActiveCfg = Debug|Any CPU
		{BFF69641-3A94-4DA7-80B2-77A931320F65}.Debug|Any CPU.Build.0 = Debug|Any CPU
		{BFF69641-3A94-4DA7-80B2-77A931320F65}.Release|Any CPU.ActiveCfg = Release|Any CPU
		{BFF69641-3A94-4DA7-80B2-77A931320F65}.Release|Any CPU.Build.0 = Release|Any CPU
	EndGlobalSection
	GlobalSection(SolutionProperties) = preSolution
		HideSolutionNode = FALSE
	EndGlobalSection
	GlobalSection(ExtensibilityGlobals) = postSolution
		SolutionGuid = {47C700DB-FEF0-4046-BADF-86EFBAC8E28C}
	EndGlobalSection
EndGlobal
